// !$*UTF8*$!
{
	archiveVersion = 1;
	classes = {
	};
	objectVersion = 46;
	objects = {

/* Begin PBXBuildFile section */
		E740924114B95653009E39A8 /* UIKit.framework in Frameworks */ = {isa = PBXBuildFile; fileRef = E740924014B95653009E39A8 /* UIKit.framework */; };
		E740924314B95653009E39A8 /* Foundation.framework in Frameworks */ = {isa = PBXBuildFile; fileRef = E740924214B95653009E39A8 /* Foundation.framework */; };
		E740924514B95653009E39A8 /* CoreGraphics.framework in Frameworks */ = {isa = PBXBuildFile; fileRef = E740924414B95653009E39A8 /* CoreGraphics.framework */; };
		E740924B14B95653009E39A8 /* InfoPlist.strings in Resources */ = {isa = PBXBuildFile; fileRef = E740924914B95653009E39A8 /* InfoPlist.strings */; };
		E740924D14B95653009E39A8 /* main.m in Sources */ = {isa = PBXBuildFile; fileRef = E740924C14B95653009E39A8 /* main.m */; };
		E740925114B95653009E39A8 /* CalculatorAppDelegate.m in Sources */ = {isa = PBXBuildFile; fileRef = E740925014B95653009E39A8 /* CalculatorAppDelegate.m */; };
		E740925414B95653009E39A8 /* MainStoryboard.storyboard in Resources */ = {isa = PBXBuildFile; fileRef = E740925214B95653009E39A8 /* MainStoryboard.storyboard */; };
		E740925714B95653009E39A8 /* CalculatorViewController.m in Sources */ = {isa = PBXBuildFile; fileRef = E740925614B95653009E39A8 /* CalculatorViewController.m */; };
		E740925F14B9641C009E39A8 /* CalculatorBrain.m in Sources */ = {isa = PBXBuildFile; fileRef = E740925E14B9641C009E39A8 /* CalculatorBrain.m */; };
/* End PBXBuildFile section */

/* Begin PBXFileReference section */
		E740923C14B95653009E39A8 /* Calculator.app */ = {isa = PBXFileReference; explicitFileType = wrapper.application; includeInIndex = 0; path = Calculator.app; sourceTree = BUILT_PRODUCTS_DIR; };
		E740924014B95653009E39A8 /* UIKit.framework */ = {isa = PBXFileReference; lastKnownFileType = wrapper.framework; name = UIKit.framework; path = System/Library/Frameworks/UIKit.framework; sourceTree = SDKROOT; };
		E740924214B95653009E39A8 /* Foundation.framework */ = {isa = PBXFileReference; lastKnownFileType = wrapper.framework; name = Foundation.framework; path = System/Library/Frameworks/Foundation.framework; sourceTree = SDKROOT; };
		E740924414B95653009E39A8 /* CoreGraphics.framework */ = {isa = PBXFileReference; lastKnownFileType = wrapper.framework; name = CoreGraphics.framework; path = System/Library/Frameworks/CoreGraphics.framework; sourceTree = SDKROOT; };
		E740924814B95653009E39A8 /* Calculator-Info.plist */ = {isa = PBXFileReference; lastKnownFileType = text.plist.xml; path = "Calculator-Info.plist"; sourceTree = "<group>"; };
		E740924A14B95653009E39A8 /* en */ = {isa = PBXFileReference; lastKnownFileType = text.plist.strings; name = en; path = en.lproj/InfoPlist.strings; sourceTree = "<group>"; };
		E740924C14B95653009E39A8 /* main.m */ = {isa = PBXFileReference; lastKnownFileType = sourcecode.c.objc; path = main.m; sourceTree = "<group>"; };
		E740924E14B95653009E39A8 /* Calculator-Prefix.pch */ = {isa = PBXFileReference; lastKnownFileType = sourcecode.c.h; path = "Calculator-Prefix.pch"; sourceTree = "<group>"; };
		E740924F14B95653009E39A8 /* CalculatorAppDelegate.h */ = {isa = PBXFileReference; lastKnownFileType = sourcecode.c.h; path = CalculatorAppDelegate.h; sourceTree = "<group>"; };
		E740925014B95653009E39A8 /* CalculatorAppDelegate.m */ = {isa = PBXFileReference; lastKnownFileType = sourcecode.c.objc; path = CalculatorAppDelegate.m; sourceTree = "<group>"; };
		E740925314B95653009E39A8 /* en */ = {isa = PBXFileReference; lastKnownFileType = file.storyboard; name = en; path = en.lproj/MainStoryboard.storyboard; sourceTree = "<group>"; };
		E740925514B95653009E39A8 /* CalculatorViewController.h */ = {isa = PBXFileReference; lastKnownFileType = sourcecode.c.h; path = CalculatorViewController.h; sourceTree = "<group>"; };
		E740925614B95653009E39A8 /* CalculatorViewController.m */ = {isa = PBXFileReference; lastKnownFileType = sourcecode.c.objc; path = CalculatorViewController.m; sourceTree = "<group>"; };
		E740925D14B9641C009E39A8 /* CalculatorBrain.h */ = {isa = PBXFileReference; fileEncoding = 4; lastKnownFileType = sourcecode.c.h; path = CalculatorBrain.h; sourceTree = "<group>"; };
		E740925E14B9641C009E39A8 /* CalculatorBrain.m */ = {isa = PBXFileReference; fileEncoding = 4; lastKnownFileType = sourcecode.c.objc; path = CalculatorBrain.m; sourceTree = "<group>"; };
/* End PBXFileReference section */

/* Begin PBXFrameworksBuildPhase section */
		E740923914B95653009E39A8 /* Frameworks */ = {
			isa = PBXFrameworksBuildPhase;
			buildActionMask = 2147483647;
			files = (
				E740924114B95653009E39A8 /* UIKit.framework in Frameworks */,
				E740924314B95653009E39A8 /* Foundation.framework in Frameworks */,
				E740924514B95653009E39A8 /* CoreGraphics.framework in Frameworks */,
			);
			runOnlyForDeploymentPostprocessing = 0;
		};
/* End PBXFrameworksBuildPhase section */

/* Begin PBXGroup section */
		E740923114B95653009E39A8 = {
			isa = PBXGroup;
			children = (
				E740924614B95653009E39A8 /* Calculator */,
				E740923F14B95653009E39A8 /* Frameworks */,
				E740923D14B95653009E39A8 /* Products */,
			);
			sourceTree = "<group>";
		};
		E740923D14B95653009E39A8 /* Products */ = {
			isa = PBXGroup;
			children = (
				E740923C14B95653009E39A8 /* Calculator.app */,
			);
			name = Products;
			sourceTree = "<group>";
		};
		E740923F14B95653009E39A8 /* Frameworks */ = {
			isa = PBXGroup;
			children = (
				E740924014B95653009E39A8 /* UIKit.framework */,
				E740924214B95653009E39A8 /* Foundation.framework */,
				E740924414B95653009E39A8 /* CoreGraphics.framework */,
			);
			name = Frameworks;
			sourceTree = "<group>";
		};
		E740924614B95653009E39A8 /* Calculator */ = {
			isa = PBXGroup;
			children = (
				E740924F14B95653009E39A8 /* CalculatorAppDelegate.h */,
				E740925014B95653009E39A8 /* CalculatorAppDelegate.m */,
				E740925214B95653009E39A8 /* MainStoryboard.storyboard */,
				E740925D14B9641C009E39A8 /* CalculatorBrain.h */,
				E740925E14B9641C009E39A8 /* CalculatorBrain.m */,
				E740925514B95653009E39A8 /* CalculatorViewController.h */,
				E740925614B95653009E39A8 /* CalculatorViewController.m */,
				E740924714B95653009E39A8 /* Supporting Files */,
			);
			path = Calculator;
			sourceTree = "<group>";
		};
		E740924714B95653009E39A8 /* Supporting Files */ = {
			isa = PBXGroup;
			children = (
				E740924814B95653009E39A8 /* Calculator-Info.plist */,
				E740924914B95653009E39A8 /* InfoPlist.strings */,
				E740924C14B95653009E39A8 /* main.m */,
				E740924E14B95653009E39A8 /* Calculator-Prefix.pch */,
			);
			name = "Supporting Files";
			sourceTree = "<group>";
		};
/* End PBXGroup section */

/* Begin PBXNativeTarget section */
		E740923B14B95653009E39A8 /* Calculator */ = {
			isa = PBXNativeTarget;
			buildConfigurationList = E740925A14B95653009E39A8 /* Build configuration list for PBXNativeTarget "Calculator" */;
			buildPhases = (
				E740923814B95653009E39A8 /* Sources */,
				E740923914B95653009E39A8 /* Frameworks */,
				E740923A14B95653009E39A8 /* Resources */,
			);
			buildRules = (
			);
			dependencies = (
			);
			name = Calculator;
			productName = Calculator;
			productReference = E740923C14B95653009E39A8 /* Calculator.app */;
			productType = "com.apple.product-type.application";
		};
/* End PBXNativeTarget section */

/* Begin PBXProject section */
		E740923314B95653009E39A8 /* Project object */ = {
			isa = PBXProject;
			attributes = {
				LastUpgradeCheck = 0420;
				ORGANIZATIONNAME = "Cogitools Software Corp";
			};
			buildConfigurationList = E740923614B95653009E39A8 /* Build configuration list for PBXProject "Calculator" */;
			compatibilityVersion = "Xcode 3.2";
			developmentRegion = English;
			hasScannedForEncodings = 0;
			knownRegions = (
				en,
			);
			mainGroup = E740923114B95653009E39A8;
			productRefGroup = E740923D14B95653009E39A8 /* Products */;
			projectDirPath = "";
			projectRoot = "";
			targets = (
				E740923B14B95653009E39A8 /* Calculator */,
			);
		};
/* End PBXProject section */

/* Begin PBXResourcesBuildPhase section */
		E740923A14B95653009E39A8 /* Resources */ = {
			isa = PBXResourcesBuildPhase;
			buildActionMask = 2147483647;
			files = (
				E740924B14B95653009E39A8 /* InfoPlist.strings in Resources */,
				E740925414B95653009E39A8 /* MainStoryboard.storyboard in Resources */,
			);
			runOnlyForDeploymentPostprocessing = 0;
		};
/* End PBXResourcesBuildPhase section */

/* Begin PBXSourcesBuildPhase section */
		E740923814B95653009E39A8 /* Sources */ = {
			isa = PBXSourcesBuildPhase;
			buildActionMask = 2147483647;
			files = (
				E740924D14B95653009E39A8 /* main.m in Sources */,
				E740925114B95653009E39A8 /* CalculatorAppDelegate.m in Sources */,
				E740925714B95653009E39A8 /* CalculatorViewController.m in Sources */,
				E740925F14B9641C009E39A8 /* CalculatorBrain.m in Sources */,
			);
			runOnlyForDeploymentPostprocessing = 0;
		};
/* End PBXSourcesBuildPhase section */

/* Begin PBXVariantGroup section */
		E740924914B95653009E39A8 /* InfoPlist.strings */ = {
			isa = PBXVariantGroup;
			children = (
				E740924A14B95653009E39A8 /* en */,
			);
			name = InfoPlist.strings;
			sourceTree = "<group>";
		};
		E740925214B95653009E39A8 /* MainStoryboard.storyboard */ = {
			isa = PBXVariantGroup;
			children = (
				E740925314B95653009E39A8 /* en */,
			);
			name = MainStoryboard.storyboard;
			sourceTree = "<group>";
		};
/* End PBXVariantGroup section */

/* Begin XCBuildConfiguration section */
		E740925814B95653009E39A8 /* Debug */ = {
			isa = XCBuildConfiguration;
			buildSettings = {
				ALWAYS_SEARCH_USER_PATHS = NO;
				ARCHS = "$(ARCHS_STANDARD_32_BIT)";
				CLANG_ENABLE_OBJC_ARC = YES;
				"CODE_SIGN_IDENTITY[sdk=iphoneos*]" = "iPhone Developer";
				COPY_PHASE_STRIP = NO;
				GCC_C_LANGUAGE_STANDARD = gnu99;
				GCC_DYNAMIC_NO_PIC = NO;
				GCC_OPTIMIZATION_LEVEL = 0;
				GCC_PREPROCESSOR_DEFINITIONS = (
					"DEBUG=1",
					"$(inherited)",
				);
				GCC_SYMBOLS_PRIVATE_EXTERN = NO;
				GCC_VERSION = com.apple.compilers.llvm.clang.1_0;
				GCC_WARN_ABOUT_MISSING_PROTOTYPES = YES;
				GCC_WARN_ABOUT_RETURN_TYPE = YES;
				GCC_WARN_UNUSED_VARIABLE = YES;
				IPHONEOS_DEPLOYMENT_TARGET = 5.0;
				SDKROOT = iphoneos;
			};
			name = Debug;
		};
		E740925914B95653009E39A8 /* Release */ = {
			isa = XCBuildConfiguration;
			buildSettings = {
				ALWAYS_SEARCH_USER_PATHS = NO;
				ARCHS = "$(ARCHS_STANDARD_32_BIT)";
				CLANG_ENABLE_OBJC_ARC = YES;
				"CODE_SIGN_IDENTITY[sdk=iphoneos*]" = "iPhone Developer";
				COPY_PHASE_STRIP = YES;
				GCC_C_LANGUAGE_STANDARD = gnu99;
				GCC_VERSION = com.apple.compilers.llvm.clang.1_0;
				GCC_WARN_ABOUT_MISSING_PROTOTYPES = YES;
				GCC_WARN_ABOUT_RETURN_TYPE = YES;
				GCC_WARN_UNUSED_VARIABLE = YES;
				IPHONEOS_DEPLOYMENT_TARGET = 5.0;
				OTHER_CFLAGS = "-DNS_BLOCK_ASSERTIONS=1";
				SDKROOT = iphoneos;
				VALIDATE_PRODUCT = YES;
			};
			name = Release;
		};
		E740925B14B95653009E39A8 /* Debug */ = {
			isa = XCBuildConfiguration;
			buildSettings = {
				GCC_PRECOMPILE_PREFIX_HEADER = YES;
				GCC_PREFIX_HEADER = "Calculator/Calculator-Prefix.pch";
				INFOPLIST_FILE = "Calculator/Calculator-Info.plist";
				PRODUCT_NAME = "$(TARGET_NAME)";
				WRAPPER_EXTENSION = app;
			};
			name = Debug;
		};
		E740925C14B95653009E39A8 /* Release */ = {
			isa = XCBuildConfiguration;
			buildSettings = {
				GCC_PRECOMPILE_PREFIX_HEADER = YES;
				GCC_PREFIX_HEADER = "Calculator/Calculator-Prefix.pch";
				INFOPLIST_FILE = "Calculator/Calculator-Info.plist";
				PRODUCT_NAME = "$(TARGET_NAME)";
				WRAPPER_EXTENSION = app;
			};
			name = Release;
		};
/* End XCBuildConfiguration section */

/* Begin XCConfigurationList section */
		E740923614B95653009E39A8 /* Build configuration list for PBXProject "Calculator" */ = {
			isa = XCConfigurationList;
			buildConfigurations = (
				E740925814B95653009E39A8 /* Debug */,
				E740925914B95653009E39A8 /* Release */,
			);
			defaultConfigurationIsVisible = 0;
			defaultConfigurationName = Release;
		};
		E740925A14B95653009E39A8 /* Build configuration list for PBXNativeTarget "Calculator" */ = {
			isa = XCConfigurationList;
			buildConfigurations = (
				E740925B14B95653009E39A8 /* Debug */,
				E740925C14B95653009E39A8 /* Release */,
			);
			defaultConfigurationIsVisible = 0;
		};
/* End XCConfigurationList section */
	};
	rootObject = E740923314B95653009E39A8 /* Project object */;
}
